
Microsoft Visual Studio Solution File, Format Version 12.00
# Visual Studio Version 16
VisualStudioVersion = 16.0.31702.278
MinimumVisualStudioVersion = 10.0.40219.1
Project("{FAE04EC0-301F-11D3-BF4B-00C04F79EFBC}") = "BRBSolution.NautVed", "BRBSolution.NautVed\BRBSolution.NautVed.csproj", "{9B5A506F-676D-4B99-9E04-6BEBC9C9EEBC}"
EndProject
Global
	GlobalSection(SolutionConfigurationPlatforms) = preSolution
		Debug|Any CPU = Debug|Any CPU
		Release|Any CPU = Release|Any CPU
	EndGlobalSection
	GlobalSection(ProjectConfigurationPlatforms) = postSolution
		{9B5A506F-676D-4B99-9E04-6BEBC9C9EEBC}.Debug|Any CPU.ActiveCfg = Debug|Any CPU
		{9B5A506F-676D-4B99-9E04-6BEBC9C9EEBC}.Debug|Any CPU.Build.0 = Debug|Any CPU
		{9B5A506F-676D-4B99-9E04-6BEBC9C9EEBC}.Release|Any CPU.ActiveCfg = Release|Any CPU
		{9B5A506F-676D-4B99-9E04-6BEBC9C9EEBC}.Release|Any CPU.Build.0 = Release|Any CPU
	EndGlobalSection
	GlobalSection(SolutionProperties) = preSolution
		HideSolutionNode = FALSE
	EndGlobalSection
	GlobalSection(ExtensibilityGlobals) = postSolution
		SolutionGuid = {0B756BE9-2F85-466A-A276-C199EC729CD1}
	EndGlobalSection
EndGlobal
